
Microsoft Visual Studio Solution File, Format Version 12.00
# Visual Studio Version 16
VisualStudioVersion = 16.0.30011.22
MinimumVisualStudioVersion = 10.0.40219.1
Project("{FAE04EC0-301F-11D3-BF4B-00C04F79EFBC}") = "AspNetCore Samples", "AspNetCore Samples\AspNetCore Samples.csproj", "{A3C169EE-75D4-4693-83F1-1362B7C0A5EF}"
EndProject
Global
	GlobalSection(SolutionConfigurationPlatforms) = preSolution
		Debug|Any CPU = Debug|Any CPU
		Release|Any CPU = Release|Any CPU
	EndGlobalSection
	GlobalSection(ProjectConfigurationPlatforms) = postSolution
		{A3C169EE-75D4-4693-83F1-1362B7C0A5EF}.Debug|Any CPU.ActiveCfg = Debug|Any CPU
		{A3C169EE-75D4-4693-83F1-1362B7C0A5EF}.Debug|Any CPU.Build.0 = Debug|Any CPU
		{A3C169EE-75D4-4693-83F1-1362B7C0A5EF}.Release|Any CPU.ActiveCfg = Release|Any CPU
		{A3C169EE-75D4-4693-83F1-1362B7C0A5EF}.Release|Any CPU.Build.0 = Release|Any CPU
	EndGlobalSection
	GlobalSection(SolutionProperties) = preSolution
		HideSolutionNode = FALSE
	EndGlobalSection
	GlobalSection(ExtensibilityGlobals) = postSolution
		SolutionGuid = {5C3D14A7-0655-4A93-B994-6A806CDD5FF8}
	EndGlobalSection
EndGlobal
